
Microsoft Visual Studio Solution File, Format Version 12.00
# Visual Studio 2012
Project("{FAE04EC0-301F-11D3-BF4B-00C04F79EFBC}") = "MyScreenSaver", "MyScreenSaver\MyScreenSaver.csproj", "{60F438F5-C19C-4808-9517-B2AFB4C461CA}"
EndProject
Global
	GlobalSection(SolutionConfigurationPlatforms) = preSolution
		Debug|Any CPU = Debug|Any CPU
		Release|Any CPU = Release|Any CPU
	EndGlobalSection
	GlobalSection(ProjectConfigurationPlatforms) = postSolution
		{60F438F5-C19C-4808-9517-B2AFB4C461CA}.Debug|Any CPU.ActiveCfg = Debug|Any CPU
		{60F438F5-C19C-4808-9517-B2AFB4C461CA}.Debug|Any CPU.Build.0 = Debug|Any CPU
		{60F438F5-C19C-4808-9517-B2AFB4C461CA}.Release|Any CPU.ActiveCfg = Release|Any CPU
		{60F438F5-C19C-4808-9517-B2AFB4C461CA}.Release|Any CPU.Build.0 = Release|Any CPU
	EndGlobalSection
	GlobalSection(SolutionProperties) = preSolution
		HideSolutionNode = FALSE
	EndGlobalSection
EndGlobal
